
Microsoft Visual Studio Solution File, Format Version 11.00
# Visual Studio 2010
Project("{8BC9CEB8-8B4A-11D0-8D11-00A0C91BC942}") = "qti", "qti\qti.vcxproj", "{0960F9FC-1F5F-4DF6-A778-1DA7CFDE1C3B}"
EndProject
Global
	GlobalSection(SolutionConfigurationPlatforms) = preSolution
		Debug|Win32 = Debug|Win32
		Release|Win32 = Release|Win32
	EndGlobalSection
	GlobalSection(ProjectConfigurationPlatforms) = postSolution
		{0960F9FC-1F5F-4DF6-A778-1DA7CFDE1C3B}.Debug|Win32.ActiveCfg = Debug|Win32
		{0960F9FC-1F5F-4DF6-A778-1DA7CFDE1C3B}.Debug|Win32.Build.0 = Debug|Win32
		{0960F9FC-1F5F-4DF6-A778-1DA7CFDE1C3B}.Release|Win32.ActiveCfg = Release|Win32
		{0960F9FC-1F5F-4DF6-A778-1DA7CFDE1C3B}.Release|Win32.Build.0 = Release|Win32
	EndGlobalSection
	GlobalSection(SolutionProperties) = preSolution
		HideSolutionNode = FALSE
	EndGlobalSection
EndGlobal
